
Microsoft Visual Studio Solution File, Format Version 12.00
# Visual Studio Version 17
VisualStudioVersion = 17.7.34003.232
MinimumVisualStudioVersion = 10.0.40219.1
Project("{FAE04EC0-301F-11D3-BF4B-00C04F79EFBC}") = "AppFunctionSuscripcion", "AppFunctionSuscripcion\AppFunctionSuscripcion.csproj", "{02B29452-26A6-4F60-BBAE-B4F02233D9FF}"
EndProject
Global
	GlobalSection(SolutionConfigurationPlatforms) = preSolution
		Debug|Any CPU = Debug|Any CPU
		Release|Any CPU = Release|Any CPU
	EndGlobalSection
	GlobalSection(ProjectConfigurationPlatforms) = postSolution
		{02B29452-26A6-4F60-BBAE-B4F02233D9FF}.Debug|Any CPU.ActiveCfg = Debug|Any CPU
		{02B29452-26A6-4F60-BBAE-B4F02233D9FF}.Debug|Any CPU.Build.0 = Debug|Any CPU
		{02B29452-26A6-4F60-BBAE-B4F02233D9FF}.Release|Any CPU.ActiveCfg = Release|Any CPU
		{02B29452-26A6-4F60-BBAE-B4F02233D9FF}.Release|Any CPU.Build.0 = Release|Any CPU
	EndGlobalSection
	GlobalSection(SolutionProperties) = preSolution
		HideSolutionNode = FALSE
	EndGlobalSection
	GlobalSection(ExtensibilityGlobals) = postSolution
		SolutionGuid = {91CEED47-A2A3-4810-80B6-4E5482F5EB29}
	EndGlobalSection
EndGlobal
